
Microsoft Visual Studio Solution File, Format Version 12.00
# Visual Studio Version 16
VisualStudioVersion = 16.0.30114.105
MinimumVisualStudioVersion = 10.0.40219.1
Project("{FAE04EC0-301F-11D3-BF4B-00C04F79EFBC}") = "Web", "Web\Web.csproj", "{513CB441-3B5E-408D-A406-86C09C1AB664}"
EndProject
Project("{FAE04EC0-301F-11D3-BF4B-00C04F79EFBC}") = "Domain", "Domain\Domain.csproj", "{9175AA77-BA97-41C4-A891-4DE5DBEA68AE}"
EndProject
Project("{FAE04EC0-301F-11D3-BF4B-00C04F79EFBC}") = "Repositories", "Repositories\Repositories.csproj", "{DF1EB7B9-3C78-4F43-8230-942A8FA635C3}"
EndProject
Project("{FAE04EC0-301F-11D3-BF4B-00C04F79EFBC}") = "Services", "Services\Services.csproj", "{F27B5016-533B-4701-877C-B57352E01055}"
EndProject
Project("{FAE04EC0-301F-11D3-BF4B-00C04F79EFBC}") = "Tests", "Tests\Tests.csproj", "{EB449BC5-3828-4437-9991-A61A6BE115EA}"
EndProject
Global
	GlobalSection(SolutionConfigurationPlatforms) = preSolution
		Debug|Any CPU = Debug|Any CPU
		Release|Any CPU = Release|Any CPU
	EndGlobalSection
	GlobalSection(SolutionProperties) = preSolution
		HideSolutionNode = FALSE
	EndGlobalSection
	GlobalSection(ProjectConfigurationPlatforms) = postSolution
		{513CB441-3B5E-408D-A406-86C09C1AB664}.Debug|Any CPU.ActiveCfg = Debug|Any CPU
		{513CB441-3B5E-408D-A406-86C09C1AB664}.Debug|Any CPU.Build.0 = Debug|Any CPU
		{513CB441-3B5E-408D-A406-86C09C1AB664}.Release|Any CPU.ActiveCfg = Release|Any CPU
		{513CB441-3B5E-408D-A406-86C09C1AB664}.Release|Any CPU.Build.0 = Release|Any CPU
		{9175AA77-BA97-41C4-A891-4DE5DBEA68AE}.Debug|Any CPU.ActiveCfg = Debug|Any CPU
		{9175AA77-BA97-41C4-A891-4DE5DBEA68AE}.Debug|Any CPU.Build.0 = Debug|Any CPU
		{9175AA77-BA97-41C4-A891-4DE5DBEA68AE}.Release|Any CPU.ActiveCfg = Release|Any CPU
		{9175AA77-BA97-41C4-A891-4DE5DBEA68AE}.Release|Any CPU.Build.0 = Release|Any CPU
		{DF1EB7B9-3C78-4F43-8230-942A8FA635C3}.Debug|Any CPU.ActiveCfg = Debug|Any CPU
		{DF1EB7B9-3C78-4F43-8230-942A8FA635C3}.Debug|Any CPU.Build.0 = Debug|Any CPU
		{DF1EB7B9-3C78-4F43-8230-942A8FA635C3}.Release|Any CPU.ActiveCfg = Release|Any CPU
		{DF1EB7B9-3C78-4F43-8230-942A8FA635C3}.Release|Any CPU.Build.0 = Release|Any CPU
		{F27B5016-533B-4701-877C-B57352E01055}.Debug|Any CPU.ActiveCfg = Debug|Any CPU
		{F27B5016-533B-4701-877C-B57352E01055}.Debug|Any CPU.Build.0 = Debug|Any CPU
		{F27B5016-533B-4701-877C-B57352E01055}.Release|Any CPU.ActiveCfg = Release|Any CPU
		{F27B5016-533B-4701-877C-B57352E01055}.Release|Any CPU.Build.0 = Release|Any CPU
		{EB449BC5-3828-4437-9991-A61A6BE115EA}.Debug|Any CPU.ActiveCfg = Debug|Any CPU
		{EB449BC5-3828-4437-9991-A61A6BE115EA}.Debug|Any CPU.Build.0 = Debug|Any CPU
		{EB449BC5-3828-4437-9991-A61A6BE115EA}.Release|Any CPU.ActiveCfg = Release|Any CPU
		{EB449BC5-3828-4437-9991-A61A6BE115EA}.Release|Any CPU.Build.0 = Release|Any CPU
	EndGlobalSection
EndGlobal
